
Microsoft Visual Studio Solution File, Format Version 12.00
# Visual Studio 15
VisualStudioVersion = 15.0.28010.2046
MinimumVisualStudioVersion = 10.0.40219.1
Project("{FAE04EC0-301F-11D3-BF4B-00C04F79EFBC}") = "EmployeeManagmentNew", "EmployeeManagmentNew\EmployeeManagmentNew.csproj", "{96169A87-00EB-4127-BA3C-719FB585BB34}"
EndProject
Global
	GlobalSection(SolutionConfigurationPlatforms) = preSolution
		Debug|Any CPU = Debug|Any CPU
		Release|Any CPU = Release|Any CPU
	EndGlobalSection
	GlobalSection(ProjectConfigurationPlatforms) = postSolution
		{96169A87-00EB-4127-BA3C-719FB585BB34}.Debug|Any CPU.ActiveCfg = Debug|Any CPU
		{96169A87-00EB-4127-BA3C-719FB585BB34}.Debug|Any CPU.Build.0 = Debug|Any CPU
		{96169A87-00EB-4127-BA3C-719FB585BB34}.Release|Any CPU.ActiveCfg = Release|Any CPU
		{96169A87-00EB-4127-BA3C-719FB585BB34}.Release|Any CPU.Build.0 = Release|Any CPU
	EndGlobalSection
	GlobalSection(SolutionProperties) = preSolution
		HideSolutionNode = FALSE
	EndGlobalSection
	GlobalSection(ExtensibilityGlobals) = postSolution
		SolutionGuid = {FCD1315B-F973-4F50-A08B-410ADF7A8107}
	EndGlobalSection
EndGlobal
